
Microsoft Visual Studio Solution File, Format Version 12.00
# Visual Studio Version 17
VisualStudioVersion = 17.13.35825.156 d17.13
MinimumVisualStudioVersion = 10.0.40219.1
Project("{FAE04EC0-301F-11D3-BF4B-00C04F79EFBC}") = "CRUDMahasiswaADO", "CRUDMahasiswaADO\CRUDMahasiswaADO.csproj", "{E40DA2BC-1F83-4DF7-8870-EBCDD23FBC05}"
EndProject
Global
	GlobalSection(SolutionConfigurationPlatforms) = preSolution
		Debug|Any CPU = Debug|Any CPU
		Release|Any CPU = Release|Any CPU
	EndGlobalSection
	GlobalSection(ProjectConfigurationPlatforms) = postSolution
		{E40DA2BC-1F83-4DF7-8870-EBCDD23FBC05}.Debug|Any CPU.ActiveCfg = Debug|Any CPU
		{E40DA2BC-1F83-4DF7-8870-EBCDD23FBC05}.Debug|Any CPU.Build.0 = Debug|Any CPU
		{E40DA2BC-1F83-4DF7-8870-EBCDD23FBC05}.Release|Any CPU.ActiveCfg = Release|Any CPU
		{E40DA2BC-1F83-4DF7-8870-EBCDD23FBC05}.Release|Any CPU.Build.0 = Release|Any CPU
	EndGlobalSection
	GlobalSection(SolutionProperties) = preSolution
		HideSolutionNode = FALSE
	EndGlobalSection
	GlobalSection(ExtensibilityGlobals) = postSolution
		SolutionGuid = {B41B5E25-92F2-4240-9DAB-069F0116884F}
	EndGlobalSection
EndGlobal
